<?xml version="1.0" encoding="UTF-8"?>
<!DOCTYPE plist PUBLIC "-//Apple//DTD PLIST 1.0//EN" "http://www.apple.com/DTDs/PropertyList-1.0.dtd">
<plist version="1.0">
<dict>
	<key>archiveVersion</key>
	<string>1</string>
	<key>classes</key>
	<dict/>
	<key>objectVersion</key>
	<string>46</string>
	<key>objects</key>
	<dict>
		<key>377291B844664E64AA9F3AD9</key>
		<dict>
			<key>includeInIndex</key>
			<string>1</string>
			<key>isa</key>
			<string>PBXFileReference</string>
			<key>lastKnownFileType</key>
			<string>text.xcconfig</string>
			<key>name</key>
			<string>Pods.xcconfig</string>
			<key>path</key>
			<string>Pods/Pods.xcconfig</string>
			<key>sourceTree</key>
			<string>SOURCE_ROOT</string>
		</dict>
		<key>60DDE676E5444FAEB03A6DFA</key>
		<dict>
			<key>fileRef</key>
			<string>FC829EFD1E7B4A4AA2C75CAC</string>
			<key>isa</key>
			<string>PBXBuildFile</string>
		</dict>
		<key>AA392A6617AB53EF0040CD7B</key>
		<dict>
			<key>children</key>
			<array>
				<string>AA392A7817AB53EF0040CD7B</string>
				<string>AA392A9717AB53EF0040CD7B</string>
				<string>AA392A7117AB53EF0040CD7B</string>
				<string>AA392A7017AB53EF0040CD7B</string>
				<string>377291B844664E64AA9F3AD9</string>
			</array>
			<key>isa</key>
			<string>PBXGroup</string>
			<key>sourceTree</key>
			<string>&lt;group&gt;</string>
		</dict>
		<key>AA392A6717AB53EF0040CD7B</key>
		<dict>
			<key>attributes</key>
			<dict>
				<key>LastUpgradeCheck</key>
				<string>0500</string>
				<key>ORGANIZATIONNAME</key>
				<string>MagicalBits</string>
				<key>TargetAttributes</key>
				<dict>
					<key>AA392A8F17AB53EF0040CD7B</key>
					<dict>
						<key>TestTargetID</key>
						<string>AA392A6E17AB53EF0040CD7B</string>
					</dict>
				</dict>
			</dict>
			<key>buildConfigurationList</key>
			<string>AA392A6A17AB53EF0040CD7B</string>
			<key>compatibilityVersion</key>
			<string>Xcode 3.2</string>
			<key>developmentRegion</key>
			<string>English</string>
			<key>hasScannedForEncodings</key>
			<string>0</string>
			<key>isa</key>
			<string>PBXProject</string>
			<key>knownRegions</key>
			<array>
				<string>en</string>
				<string>Base</string>
			</array>
			<key>mainGroup</key>
			<string>AA392A6617AB53EF0040CD7B</string>
			<key>productRefGroup</key>
			<string>AA392A7017AB53EF0040CD7B</string>
			<key>projectDirPath</key>
			<string></string>
			<key>projectReferences</key>
			<array/>
			<key>projectRoot</key>
			<string></string>
			<key>targets</key>
			<array>
				<string>AA392A6E17AB53EF0040CD7B</string>
				<string>AA392A8F17AB53EF0040CD7B</string>
			</array>
		</dict>
		<key>AA392A6A17AB53EF0040CD7B</key>
		<dict>
			<key>buildConfigurations</key>
			<array>
				<string>AA392A9F17AB53EF0040CD7B</string>
				<string>AA392AA017AB53EF0040CD7B</string>
			</array>
			<key>defaultConfigurationIsVisible</key>
			<string>0</string>
			<key>defaultConfigurationName</key>
			<string>Release</string>
			<key>isa</key>
			<string>XCConfigurationList</string>
		</dict>
		<key>AA392A6B17AB53EF0040CD7B</key>
		<dict>
			<key>buildActionMask</key>
			<string>2147483647</string>
			<key>files</key>
			<array>
				<string>AA392A8917AB53EF0040CD7B</string>
				<string>AA392A8317AB53EF0040CD7B</string>
				<string>AA392A7F17AB53EF0040CD7B</string>
			</array>
			<key>isa</key>
			<string>PBXSourcesBuildPhase</string>
			<key>runOnlyForDeploymentPostprocessing</key>
			<string>0</string>
		</dict>
		<key>AA392A6C17AB53EF0040CD7B</key>
		<dict>
			<key>buildActionMask</key>
			<string>2147483647</string>
			<key>files</key>
			<array>
				<string>AA392A7517AB53EF0040CD7B</string>
				<string>AA392A7717AB53EF0040CD7B</string>
				<string>AA392A7317AB53EF0040CD7B</string>
				<string>60DDE676E5444FAEB03A6DFA</string>
			</array>
			<key>isa</key>
			<string>PBXFrameworksBuildPhase</string>
			<key>runOnlyForDeploymentPostprocessing</key>
			<string>0</string>
		</dict>
		<key>AA392A6D17AB53EF0040CD7B</key>
		<dict>
			<key>buildActionMask</key>
			<string>2147483647</string>
			<key>files</key>
			<array>
				<string>AA392A8B17AB53EF0040CD7B</string>
				<string>AA392A7D17AB53EF0040CD7B</string>
				<string>AA392A8617AB53EF0040CD7B</string>
			</array>
			<key>isa</key>
			<string>PBXResourcesBuildPhase</string>
			<key>runOnlyForDeploymentPostprocessing</key>
			<string>0</string>
		</dict>
		<key>AA392A6E17AB53EF0040CD7B</key>
		<dict>
			<key>buildConfigurationList</key>
			<string>AA392AA117AB53EF0040CD7B</string>
			<key>buildPhases</key>
			<array>
				<string>DF83FEDA00E9491D897F2291</string>
				<string>AA392A6B17AB53EF0040CD7B</string>
				<string>AA392A6C17AB53EF0040CD7B</string>
				<string>AA392A6D17AB53EF0040CD7B</string>
				<string>C51A330DBFA141DFB551B6AA</string>
			</array>
			<key>buildRules</key>
			<array/>
			<key>dependencies</key>
			<array/>
			<key>isa</key>
			<string>PBXNativeTarget</string>
			<key>name</key>
			<string>ZSSemanticsActionTransformerDemo</string>
			<key>productName</key>
			<string>ZSSemanticsActionTransformerDemo</string>
			<key>productReference</key>
			<string>AA392A6F17AB53EF0040CD7B</string>
			<key>productType</key>
			<string>com.apple.product-type.application</string>
		</dict>
		<key>AA392A6F17AB53EF0040CD7B</key>
		<dict>
			<key>explicitFileType</key>
			<string>wrapper.application</string>
			<key>includeInIndex</key>
			<string>0</string>
			<key>isa</key>
			<string>PBXFileReference</string>
			<key>path</key>
			<string>ZSSemanticsActionTransformerDemo.app</string>
			<key>sourceTree</key>
			<string>BUILT_PRODUCTS_DIR</string>
		</dict>
		<key>AA392A7017AB53EF0040CD7B</key>
		<dict>
			<key>children</key>
			<array>
				<string>AA392A6F17AB53EF0040CD7B</string>
				<string>AA392A9017AB53EF0040CD7B</string>
			</array>
			<key>isa</key>
			<string>PBXGroup</string>
			<key>name</key>
			<string>Products</string>
			<key>sourceTree</key>
			<string>&lt;group&gt;</string>
		</dict>
		<key>AA392A7117AB53EF0040CD7B</key>
		<dict>
			<key>children</key>
			<array>
				<string>AA392A7217AB53EF0040CD7B</string>
				<string>AA392A7417AB53EF0040CD7B</string>
				<string>AA392A7617AB53EF0040CD7B</string>
				<string>AA392A9117AB53EF0040CD7B</string>
				<string>FC829EFD1E7B4A4AA2C75CAC</string>
			</array>
			<key>isa</key>
			<string>PBXGroup</string>
			<key>name</key>
			<string>Frameworks</string>
			<key>sourceTree</key>
			<string>&lt;group&gt;</string>
		</dict>
		<key>AA392A7217AB53EF0040CD7B</key>
		<dict>
			<key>isa</key>
			<string>PBXFileReference</string>
			<key>lastKnownFileType</key>
			<string>wrapper.framework</string>
			<key>name</key>
			<string>Foundation.framework</string>
			<key>path</key>
			<string>System/Library/Frameworks/Foundation.framework</string>
			<key>sourceTree</key>
			<string>SDKROOT</string>
		</dict>
		<key>AA392A7317AB53EF0040CD7B</key>
		<dict>
			<key>fileRef</key>
			<string>AA392A7217AB53EF0040CD7B</string>
			<key>isa</key>
			<string>PBXBuildFile</string>
		</dict>
		<key>AA392A7417AB53EF0040CD7B</key>
		<dict>
			<key>isa</key>
			<string>PBXFileReference</string>
			<key>lastKnownFileType</key>
			<string>wrapper.framework</string>
			<key>name</key>
			<string>CoreGraphics.framework</string>
			<key>path</key>
			<string>System/Library/Frameworks/CoreGraphics.framework</string>
			<key>sourceTree</key>
			<string>SDKROOT</string>
		</dict>
		<key>AA392A7517AB53EF0040CD7B</key>
		<dict>
			<key>fileRef</key>
			<string>AA392A7417AB53EF0040CD7B</string>
			<key>isa</key>
			<string>PBXBuildFile</string>
		</dict>
		<key>AA392A7617AB53EF0040CD7B</key>
		<dict>
			<key>isa</key>
			<string>PBXFileReference</string>
			<key>lastKnownFileType</key>
			<string>wrapper.framework</string>
			<key>name</key>
			<string>UIKit.framework</string>
			<key>path</key>
			<string>System/Library/Frameworks/UIKit.framework</string>
			<key>sourceTree</key>
			<string>SDKROOT</string>
		</dict>
		<key>AA392A7717AB53EF0040CD7B</key>
		<dict>
			<key>fileRef</key>
			<string>AA392A7617AB53EF0040CD7B</string>
			<key>isa</key>
			<string>PBXBuildFile</string>
		</dict>
		<key>AA392A7817AB53EF0040CD7B</key>
		<dict>
			<key>children</key>
			<array>
				<string>AA392A8117AB53EF0040CD7B</string>
				<string>AA392A8217AB53EF0040CD7B</string>
				<string>AA392A8417AB53EF0040CD7B</string>
				<string>AA392A8717AB53EF0040CD7B</string>
				<string>AA392A8817AB53EF0040CD7B</string>
				<string>AA392A8A17AB53EF0040CD7B</string>
				<string>AA392A7917AB53EF0040CD7B</string>
			</array>
			<key>isa</key>
			<string>PBXGroup</string>
			<key>path</key>
			<string>ZSSemanticsActionTransformerDemo</string>
			<key>sourceTree</key>
			<string>&lt;group&gt;</string>
		</dict>
		<key>AA392A7917AB53EF0040CD7B</key>
		<dict>
			<key>children</key>
			<array>
				<string>AA392A7A17AB53EF0040CD7B</string>
				<string>AA392A7B17AB53EF0040CD7B</string>
				<string>AA392A7E17AB53EF0040CD7B</string>
				<string>AA392A8017AB53EF0040CD7B</string>
			</array>
			<key>isa</key>
			<string>PBXGroup</string>
			<key>name</key>
			<string>Supporting Files</string>
			<key>sourceTree</key>
			<string>&lt;group&gt;</string>
		</dict>
		<key>AA392A7A17AB53EF0040CD7B</key>
		<dict>
			<key>isa</key>
			<string>PBXFileReference</string>
			<key>lastKnownFileType</key>
			<string>text.plist.xml</string>
			<key>path</key>
			<string>ZSSemanticsActionTransformerDemo-Info.plist</string>
			<key>sourceTree</key>
			<string>&lt;group&gt;</string>
		</dict>
		<key>AA392A7B17AB53EF0040CD7B</key>
		<dict>
			<key>children</key>
			<array>
				<string>AA392A7C17AB53EF0040CD7B</string>
			</array>
			<key>isa</key>
			<string>PBXVariantGroup</string>
			<key>name</key>
			<string>InfoPlist.strings</string>
			<key>sourceTree</key>
			<string>&lt;group&gt;</string>
		</dict>
		<key>AA392A7C17AB53EF0040CD7B</key>
		<dict>
			<key>isa</key>
			<string>PBXFileReference</string>
			<key>lastKnownFileType</key>
			<string>text.plist.strings</string>
			<key>name</key>
			<string>en</string>
			<key>path</key>
			<string>en.lproj/InfoPlist.strings</string>
			<key>sourceTree</key>
			<string>&lt;group&gt;</string>
		</dict>
		<key>AA392A7D17AB53EF0040CD7B</key>
		<dict>
			<key>fileRef</key>
			<string>AA392A7B17AB53EF0040CD7B</string>
			<key>isa</key>
			<string>PBXBuildFile</string>
		</dict>
		<key>AA392A7E17AB53EF0040CD7B</key>
		<dict>
			<key>isa</key>
			<string>PBXFileReference</string>
			<key>lastKnownFileType</key>
			<string>sourcecode.c.objc</string>
			<key>path</key>
			<string>main.m</string>
			<key>sourceTree</key>
			<string>&lt;group&gt;</string>
		</dict>
		<key>AA392A7F17AB53EF0040CD7B</key>
		<dict>
			<key>fileRef</key>
			<string>AA392A7E17AB53EF0040CD7B</string>
			<key>isa</key>
			<string>PBXBuildFile</string>
		</dict>
		<key>AA392A8017AB53EF0040CD7B</key>
		<dict>
			<key>isa</key>
			<string>PBXFileReference</string>
			<key>lastKnownFileType</key>
			<string>sourcecode.c.h</string>
			<key>path</key>
			<string>ZSSemanticsActionTransformerDemo-Prefix.pch</string>
			<key>sourceTree</key>
			<string>&lt;group&gt;</string>
		</dict>
		<key>AA392A8117AB53EF0040CD7B</key>
		<dict>
			<key>isa</key>
			<string>PBXFileReference</string>
			<key>lastKnownFileType</key>
			<string>sourcecode.c.h</string>
			<key>path</key>
			<string>AppDelegate.h</string>
			<key>sourceTree</key>
			<string>&lt;group&gt;</string>
		</dict>
		<key>AA392A8217AB53EF0040CD7B</key>
		<dict>
			<key>isa</key>
			<string>PBXFileReference</string>
			<key>lastKnownFileType</key>
			<string>sourcecode.c.objc</string>
			<key>path</key>
			<string>AppDelegate.m</string>
			<key>sourceTree</key>
			<string>&lt;group&gt;</string>
		</dict>
		<key>AA392A8317AB53EF0040CD7B</key>
		<dict>
			<key>fileRef</key>
			<string>AA392A8217AB53EF0040CD7B</string>
			<key>isa</key>
			<string>PBXBuildFile</string>
		</dict>
		<key>AA392A8417AB53EF0040CD7B</key>
		<dict>
			<key>children</key>
			<array>
				<string>AA392A8517AB53EF0040CD7B</string>
			</array>
			<key>isa</key>
			<string>PBXVariantGroup</string>
			<key>name</key>
			<string>Main.storyboard</string>
			<key>sourceTree</key>
			<string>&lt;group&gt;</string>
		</dict>
		<key>AA392A8517AB53EF0040CD7B</key>
		<dict>
			<key>isa</key>
			<string>PBXFileReference</string>
			<key>lastKnownFileType</key>
			<string>file.storyboard</string>
			<key>name</key>
			<string>Base</string>
			<key>path</key>
			<string>Base.lproj/Main.storyboard</string>
			<key>sourceTree</key>
			<string>&lt;group&gt;</string>
		</dict>
		<key>AA392A8617AB53EF0040CD7B</key>
		<dict>
			<key>fileRef</key>
			<string>AA392A8417AB53EF0040CD7B</string>
			<key>isa</key>
			<string>PBXBuildFile</string>
		</dict>
		<key>AA392A8717AB53EF0040CD7B</key>
		<dict>
			<key>isa</key>
			<string>PBXFileReference</string>
			<key>lastKnownFileType</key>
			<string>sourcecode.c.h</string>
			<key>path</key>
			<string>ViewController.h</string>
			<key>sourceTree</key>
			<string>&lt;group&gt;</string>
		</dict>
		<key>AA392A8817AB53EF0040CD7B</key>
		<dict>
			<key>isa</key>
			<string>PBXFileReference</string>
			<key>lastKnownFileType</key>
			<string>sourcecode.c.objc</string>
			<key>path</key>
			<string>ViewController.m</string>
			<key>sourceTree</key>
			<string>&lt;group&gt;</string>
		</dict>
		<key>AA392A8917AB53EF0040CD7B</key>
		<dict>
			<key>fileRef</key>
			<string>AA392A8817AB53EF0040CD7B</string>
			<key>isa</key>
			<string>PBXBuildFile</string>
		</dict>
		<key>AA392A8A17AB53EF0040CD7B</key>
		<dict>
			<key>isa</key>
			<string>PBXFileReference</string>
			<key>lastKnownFileType</key>
			<string>folder.assetcatalog</string>
			<key>path</key>
			<string>Images.xcassets</string>
			<key>sourceTree</key>
			<string>&lt;group&gt;</string>
		</dict>
		<key>AA392A8B17AB53EF0040CD7B</key>
		<dict>
			<key>fileRef</key>
			<string>AA392A8A17AB53EF0040CD7B</string>
			<key>isa</key>
			<string>PBXBuildFile</string>
		</dict>
		<key>AA392A8C17AB53EF0040CD7B</key>
		<dict>
			<key>buildActionMask</key>
			<string>2147483647</string>
			<key>files</key>
			<array>
				<string>AA392A9E17AB53EF0040CD7B</string>
			</array>
			<key>isa</key>
			<string>PBXSourcesBuildPhase</string>
			<key>runOnlyForDeploymentPostprocessing</key>
			<string>0</string>
		</dict>
		<key>AA392A8D17AB53EF0040CD7B</key>
		<dict>
			<key>buildActionMask</key>
			<string>2147483647</string>
			<key>files</key>
			<array>
				<string>AA392A9217AB53EF0040CD7B</string>
				<string>AA392A9417AB53EF0040CD7B</string>
				<string>AA392A9317AB53EF0040CD7B</string>
			</array>
			<key>isa</key>
			<string>PBXFrameworksBuildPhase</string>
			<key>runOnlyForDeploymentPostprocessing</key>
			<string>0</string>
		</dict>
		<key>AA392A8E17AB53EF0040CD7B</key>
		<dict>
			<key>buildActionMask</key>
			<string>2147483647</string>
			<key>files</key>
			<array>
				<string>AA392A9C17AB53EF0040CD7B</string>
			</array>
			<key>isa</key>
			<string>PBXResourcesBuildPhase</string>
			<key>runOnlyForDeploymentPostprocessing</key>
			<string>0</string>
		</dict>
		<key>AA392A8F17AB53EF0040CD7B</key>
		<dict>
			<key>buildConfigurationList</key>
			<string>AA392AA417AB53EF0040CD7B</string>
			<key>buildPhases</key>
			<array>
				<string>AA392A8C17AB53EF0040CD7B</string>
				<string>AA392A8D17AB53EF0040CD7B</string>
				<string>AA392A8E17AB53EF0040CD7B</string>
			</array>
			<key>buildRules</key>
			<array/>
			<key>dependencies</key>
			<array>
				<string>AA392A9617AB53EF0040CD7B</string>
			</array>
			<key>isa</key>
			<string>PBXNativeTarget</string>
			<key>name</key>
			<string>ZSSemanticsActionTransformerDemoTests</string>
			<key>productName</key>
			<string>ZSSemanticsActionTransformerDemoTests</string>
			<key>productReference</key>
			<string>AA392A9017AB53EF0040CD7B</string>
			<key>productType</key>
			<string>com.apple.product-type.bundle.unit-test</string>
		</dict>
		<key>AA392A9017AB53EF0040CD7B</key>
		<dict>
			<key>explicitFileType</key>
			<string>wrapper.cfbundle</string>
			<key>includeInIndex</key>
			<string>0</string>
			<key>isa</key>
			<string>PBXFileReference</string>
			<key>path</key>
			<string>ZSSemanticsActionTransformerDemoTests.xctest</string>
			<key>sourceTree</key>
			<string>BUILT_PRODUCTS_DIR</string>
		</dict>
		<key>AA392A9117AB53EF0040CD7B</key>
		<dict>
			<key>isa</key>
			<string>PBXFileReference</string>
			<key>lastKnownFileType</key>
			<string>wrapper.framework</string>
			<key>name</key>
			<string>XCTest.framework</string>
			<key>path</key>
			<string>Library/Frameworks/XCTest.framework</string>
			<key>sourceTree</key>
			<string>DEVELOPER_DIR</string>
		</dict>
		<key>AA392A9217AB53EF0040CD7B</key>
		<dict>
			<key>fileRef</key>
			<string>AA392A9117AB53EF0040CD7B</string>
			<key>isa</key>
			<string>PBXBuildFile</string>
		</dict>
		<key>AA392A9317AB53EF0040CD7B</key>
		<dict>
			<key>fileRef</key>
			<string>AA392A7217AB53EF0040CD7B</string>
			<key>isa</key>
			<string>PBXBuildFile</string>
		</dict>
		<key>AA392A9417AB53EF0040CD7B</key>
		<dict>
			<key>fileRef</key>
			<string>AA392A7617AB53EF0040CD7B</string>
			<key>isa</key>
			<string>PBXBuildFile</string>
		</dict>
		<key>AA392A9517AB53EF0040CD7B</key>
		<dict>
			<key>containerPortal</key>
			<string>AA392A6717AB53EF0040CD7B</string>
			<key>isa</key>
			<string>PBXContainerItemProxy</string>
			<key>proxyType</key>
			<string>1</string>
			<key>remoteGlobalIDString</key>
			<string>AA392A6E17AB53EF0040CD7B</string>
			<key>remoteInfo</key>
			<string>ZSSemanticsActionTransformerDemo</string>
		</dict>
		<key>AA392A9617AB53EF0040CD7B</key>
		<dict>
			<key>isa</key>
			<string>PBXTargetDependency</string>
			<key>target</key>
			<string>AA392A6E17AB53EF0040CD7B</string>
			<key>targetProxy</key>
			<string>AA392A9517AB53EF0040CD7B</string>
		</dict>
		<key>AA392A9717AB53EF0040CD7B</key>
		<dict>
			<key>children</key>
			<array>
				<string>AA392A9D17AB53EF0040CD7B</string>
				<string>AA392A9817AB53EF0040CD7B</string>
			</array>
			<key>isa</key>
			<string>PBXGroup</string>
			<key>path</key>
			<string>ZSSemanticsActionTransformerDemoTests</string>
			<key>sourceTree</key>
			<string>&lt;group&gt;</string>
		</dict>
		<key>AA392A9817AB53EF0040CD7B</key>
		<dict>
			<key>children</key>
			<array>
				<string>AA392A9917AB53EF0040CD7B</string>
				<string>AA392A9A17AB53EF0040CD7B</string>
			</array>
			<key>isa</key>
			<string>PBXGroup</string>
			<key>name</key>
			<string>Supporting Files</string>
			<key>sourceTree</key>
			<string>&lt;group&gt;</string>
		</dict>
		<key>AA392A9917AB53EF0040CD7B</key>
		<dict>
			<key>isa</key>
			<string>PBXFileReference</string>
			<key>lastKnownFileType</key>
			<string>text.plist.xml</string>
			<key>path</key>
			<string>ZSSemanticsActionTransformerDemoTests-Info.plist</string>
			<key>sourceTree</key>
			<string>&lt;group&gt;</string>
		</dict>
		<key>AA392A9A17AB53EF0040CD7B</key>
		<dict>
			<key>children</key>
			<array>
				<string>AA392A9B17AB53EF0040CD7B</string>
			</array>
			<key>isa</key>
			<string>PBXVariantGroup</string>
			<key>name</key>
			<string>InfoPlist.strings</string>
			<key>sourceTree</key>
			<string>&lt;group&gt;</string>
		</dict>
		<key>AA392A9B17AB53EF0040CD7B</key>
		<dict>
			<key>isa</key>
			<string>PBXFileReference</string>
			<key>lastKnownFileType</key>
			<string>text.plist.strings</string>
			<key>name</key>
			<string>en</string>
			<key>path</key>
			<string>en.lproj/InfoPlist.strings</string>
			<key>sourceTree</key>
			<string>&lt;group&gt;</string>
		</dict>
		<key>AA392A9C17AB53EF0040CD7B</key>
		<dict>
			<key>fileRef</key>
			<string>AA392A9A17AB53EF0040CD7B</string>
			<key>isa</key>
			<string>PBXBuildFile</string>
		</dict>
		<key>AA392A9D17AB53EF0040CD7B</key>
		<dict>
			<key>isa</key>
			<string>PBXFileReference</string>
			<key>lastKnownFileType</key>
			<string>sourcecode.c.objc</string>
			<key>path</key>
			<string>ZSSemanticsActionTransformerDemoTests.m</string>
			<key>sourceTree</key>
			<string>&lt;group&gt;</string>
		</dict>
		<key>AA392A9E17AB53EF0040CD7B</key>
		<dict>
			<key>fileRef</key>
			<string>AA392A9D17AB53EF0040CD7B</string>
			<key>isa</key>
			<string>PBXBuildFile</string>
		</dict>
		<key>AA392A9F17AB53EF0040CD7B</key>
		<dict>
			<key>buildSettings</key>
			<dict>
				<key>ALWAYS_SEARCH_USER_PATHS</key>
				<string>NO</string>
				<key>CLANG_CXX_LANGUAGE_STANDARD</key>
				<string>gnu++0x</string>
				<key>CLANG_CXX_LIBRARY</key>
				<string>libc++</string>
				<key>CLANG_ENABLE_MODULES</key>
				<string>YES</string>
				<key>CLANG_ENABLE_OBJC_ARC</key>
				<string>YES</string>
				<key>CLANG_WARN_BOOL_CONVERSION</key>
				<string>YES</string>
				<key>CLANG_WARN_CONSTANT_CONVERSION</key>
				<string>YES</string>
				<key>CLANG_WARN_DIRECT_OBJC_ISA_USAGE</key>
				<string>YES_ERROR</string>
				<key>CLANG_WARN_EMPTY_BODY</key>
				<string>YES</string>
				<key>CLANG_WARN_ENUM_CONVERSION</key>
				<string>YES</string>
				<key>CLANG_WARN_INT_CONVERSION</key>
				<string>YES</string>
				<key>CLANG_WARN_OBJC_ROOT_CLASS</key>
				<string>YES_ERROR</string>
				<key>CLANG_WARN__DUPLICATE_METHOD_MATCH</key>
				<string>YES</string>
				<key>CODE_SIGN_IDENTITY[sdk=iphoneos*]</key>
				<string>iPhone Developer</string>
				<key>COPY_PHASE_STRIP</key>
				<string>NO</string>
				<key>GCC_C_LANGUAGE_STANDARD</key>
				<string>gnu99</string>
				<key>GCC_DYNAMIC_NO_PIC</key>
				<string>NO</string>
				<key>GCC_OPTIMIZATION_LEVEL</key>
				<string>0</string>
				<key>GCC_PREPROCESSOR_DEFINITIONS</key>
				<array>
					<string>DEBUG=1</string>
					<string>$(inherited)</string>
				</array>
				<key>GCC_SYMBOLS_PRIVATE_EXTERN</key>
				<string>NO</string>
				<key>GCC_WARN_ABOUT_RETURN_TYPE</key>
				<string>YES_ERROR</string>
				<key>GCC_WARN_UNDECLARED_SELECTOR</key>
				<string>YES</string>
				<key>GCC_WARN_UNINITIALIZED_AUTOS</key>
				<string>YES</string>
				<key>GCC_WARN_UNUSED_FUNCTION</key>
				<string>YES</string>
				<key>GCC_WARN_UNUSED_VARIABLE</key>
				<string>YES</string>
				<key>IPHONEOS_DEPLOYMENT_TARGET</key>
				<string>7.0</string>
				<key>ONLY_ACTIVE_ARCH</key>
				<string>YES</string>
				<key>SDKROOT</key>
				<string>iphoneos</string>
			</dict>
			<key>isa</key>
			<string>XCBuildConfiguration</string>
			<key>name</key>
			<string>Debug</string>
		</dict>
		<key>AA392AA017AB53EF0040CD7B</key>
		<dict>
			<key>buildSettings</key>
			<dict>
				<key>ALWAYS_SEARCH_USER_PATHS</key>
				<string>NO</string>
				<key>CLANG_CXX_LANGUAGE_STANDARD</key>
				<string>gnu++0x</string>
				<key>CLANG_CXX_LIBRARY</key>
				<string>libc++</string>
				<key>CLANG_ENABLE_MODULES</key>
				<string>YES</string>
				<key>CLANG_ENABLE_OBJC_ARC</key>
				<string>YES</string>
				<key>CLANG_WARN_BOOL_CONVERSION</key>
				<string>YES</string>
				<key>CLANG_WARN_CONSTANT_CONVERSION</key>
				<string>YES</string>
				<key>CLANG_WARN_DIRECT_OBJC_ISA_USAGE</key>
				<string>YES_ERROR</string>
				<key>CLANG_WARN_EMPTY_BODY</key>
				<string>YES</string>
				<key>CLANG_WARN_ENUM_CONVERSION</key>
				<string>YES</string>
				<key>CLANG_WARN_INT_CONVERSION</key>
				<string>YES</string>
				<key>CLANG_WARN_OBJC_ROOT_CLASS</key>
				<string>YES_ERROR</string>
				<key>CLANG_WARN__DUPLICATE_METHOD_MATCH</key>
				<string>YES</string>
				<key>CODE_SIGN_IDENTITY[sdk=iphoneos*]</key>
				<string>iPhone Developer</string>
				<key>COPY_PHASE_STRIP</key>
				<string>YES</string>
				<key>ENABLE_NS_ASSERTIONS</key>
				<string>NO</string>
				<key>GCC_C_LANGUAGE_STANDARD</key>
				<string>gnu99</string>
				<key>GCC_WARN_ABOUT_RETURN_TYPE</key>
				<string>YES_ERROR</string>
				<key>GCC_WARN_UNDECLARED_SELECTOR</key>
				<string>YES</string>
				<key>GCC_WARN_UNINITIALIZED_AUTOS</key>
				<string>YES</string>
				<key>GCC_WARN_UNUSED_FUNCTION</key>
				<string>YES</string>
				<key>GCC_WARN_UNUSED_VARIABLE</key>
				<string>YES</string>
				<key>IPHONEOS_DEPLOYMENT_TARGET</key>
				<string>7.0</string>
				<key>SDKROOT</key>
				<string>iphoneos</string>
				<key>VALIDATE_PRODUCT</key>
				<string>YES</string>
			</dict>
			<key>isa</key>
			<string>XCBuildConfiguration</string>
			<key>name</key>
			<string>Release</string>
		</dict>
		<key>AA392AA117AB53EF0040CD7B</key>
		<dict>
			<key>buildConfigurations</key>
			<array>
				<string>AA392AA217AB53EF0040CD7B</string>
				<string>AA392AA317AB53EF0040CD7B</string>
			</array>
			<key>defaultConfigurationIsVisible</key>
			<string>0</string>
			<key>isa</key>
			<string>XCConfigurationList</string>
		</dict>
		<key>AA392AA217AB53EF0040CD7B</key>
		<dict>
			<key>baseConfigurationReference</key>
			<string>377291B844664E64AA9F3AD9</string>
			<key>buildSettings</key>
			<dict>
				<key>ASSETCATALOG_COMPILER_APPICON_NAME</key>
				<string>AppIcon</string>
				<key>ASSETCATALOG_COMPILER_LAUNCHIMAGE_NAME</key>
				<string>LaunchImage</string>
				<key>GCC_PRECOMPILE_PREFIX_HEADER</key>
				<string>YES</string>
				<key>GCC_PREFIX_HEADER</key>
				<string>ZSSemanticsActionTransformerDemo/ZSSemanticsActionTransformerDemo-Prefix.pch</string>
				<key>INFOPLIST_FILE</key>
				<string>ZSSemanticsActionTransformerDemo/ZSSemanticsActionTransformerDemo-Info.plist</string>
				<key>PRODUCT_NAME</key>
				<string>$(TARGET_NAME)</string>
				<key>WRAPPER_EXTENSION</key>
				<string>app</string>
			</dict>
			<key>isa</key>
			<string>XCBuildConfiguration</string>
			<key>name</key>
			<string>Debug</string>
		</dict>
		<key>AA392AA317AB53EF0040CD7B</key>
		<dict>
			<key>baseConfigurationReference</key>
			<string>377291B844664E64AA9F3AD9</string>
			<key>buildSettings</key>
			<dict>
				<key>ASSETCATALOG_COMPILER_APPICON_NAME</key>
				<string>AppIcon</string>
				<key>ASSETCATALOG_COMPILER_LAUNCHIMAGE_NAME</key>
				<string>LaunchImage</string>
				<key>GCC_PRECOMPILE_PREFIX_HEADER</key>
				<string>YES</string>
				<key>GCC_PREFIX_HEADER</key>
				<string>ZSSemanticsActionTransformerDemo/ZSSemanticsActionTransformerDemo-Prefix.pch</string>
				<key>INFOPLIST_FILE</key>
				<string>ZSSemanticsActionTransformerDemo/ZSSemanticsActionTransformerDemo-Info.plist</string>
				<key>PRODUCT_NAME</key>
				<string>$(TARGET_NAME)</string>
				<key>WRAPPER_EXTENSION</key>
				<string>app</string>
			</dict>
			<key>isa</key>
			<string>XCBuildConfiguration</string>
			<key>name</key>
			<string>Release</string>
		</dict>
		<key>AA392AA417AB53EF0040CD7B</key>
		<dict>
			<key>buildConfigurations</key>
			<array>
				<string>AA392AA517AB53EF0040CD7B</string>
				<string>AA392AA617AB53EF0040CD7B</string>
			</array>
			<key>defaultConfigurationIsVisible</key>
			<string>0</string>
			<key>isa</key>
			<string>XCConfigurationList</string>
		</dict>
		<key>AA392AA517AB53EF0040CD7B</key>
		<dict>
			<key>buildSettings</key>
			<dict>
				<key>BUNDLE_LOADER</key>
				<string>$(BUILT_PRODUCTS_DIR)/ZSSemanticsActionTransformerDemo.app/ZSSemanticsActionTransformerDemo</string>
				<key>FRAMEWORK_SEARCH_PATHS</key>
				<array>
					<string>$(SDKROOT)/Developer/Library/Frameworks</string>
					<string>$(inherited)</string>
					<string>$(DEVELOPER_FRAMEWORKS_DIR)</string>
				</array>
				<key>GCC_PRECOMPILE_PREFIX_HEADER</key>
				<string>YES</string>
				<key>GCC_PREFIX_HEADER</key>
				<string>ZSSemanticsActionTransformerDemo/ZSSemanticsActionTransformerDemo-Prefix.pch</string>
				<key>GCC_PREPROCESSOR_DEFINITIONS</key>
				<array>
					<string>DEBUG=1</string>
					<string>$(inherited)</string>
				</array>
				<key>INFOPLIST_FILE</key>
				<string>ZSSemanticsActionTransformerDemoTests/ZSSemanticsActionTransformerDemoTests-Info.plist</string>
				<key>PRODUCT_NAME</key>
				<string>$(TARGET_NAME)</string>
				<key>TEST_HOST</key>
				<string>$(BUNDLE_LOADER)</string>
				<key>WRAPPER_EXTENSION</key>
				<string>xctest</string>
			</dict>
			<key>isa</key>
			<string>XCBuildConfiguration</string>
			<key>name</key>
			<string>Debug</string>
		</dict>
		<key>AA392AA617AB53EF0040CD7B</key>
		<dict>
			<key>buildSettings</key>
			<dict>
				<key>BUNDLE_LOADER</key>
				<string>$(BUILT_PRODUCTS_DIR)/ZSSemanticsActionTransformerDemo.app/ZSSemanticsActionTransformerDemo</string>
				<key>FRAMEWORK_SEARCH_PATHS</key>
				<array>
					<string>$(SDKROOT)/Developer/Library/Frameworks</string>
					<string>$(inherited)</string>
					<string>$(DEVELOPER_FRAMEWORKS_DIR)</string>
				</array>
				<key>GCC_PRECOMPILE_PREFIX_HEADER</key>
				<string>YES</string>
				<key>GCC_PREFIX_HEADER</key>
				<string>ZSSemanticsActionTransformerDemo/ZSSemanticsActionTransformerDemo-Prefix.pch</string>
				<key>INFOPLIST_FILE</key>
				<string>ZSSemanticsActionTransformerDemoTests/ZSSemanticsActionTransformerDemoTests-Info.plist</string>
				<key>PRODUCT_NAME</key>
				<string>$(TARGET_NAME)</string>
				<key>TEST_HOST</key>
				<string>$(BUNDLE_LOADER)</string>
				<key>WRAPPER_EXTENSION</key>
				<string>xctest</string>
			</dict>
			<key>isa</key>
			<string>XCBuildConfiguration</string>
			<key>name</key>
			<string>Release</string>
		</dict>
		<key>C51A330DBFA141DFB551B6AA</key>
		<dict>
			<key>buildActionMask</key>
			<string>2147483647</string>
			<key>files</key>
			<array/>
			<key>inputPaths</key>
			<array/>
			<key>isa</key>
			<string>PBXShellScriptBuildPhase</string>
			<key>name</key>
			<string>Copy Pods Resources</string>
			<key>outputPaths</key>
			<array/>
			<key>runOnlyForDeploymentPostprocessing</key>
			<string>0</string>
			<key>shellPath</key>
			<string>/bin/sh</string>
			<key>shellScript</key>
			<string>"${SRCROOT}/Pods/Pods-resources.sh"
</string>
			<key>showEnvVarsInLog</key>
			<string>0</string>
		</dict>
		<key>DF83FEDA00E9491D897F2291</key>
		<dict>
			<key>buildActionMask</key>
			<string>2147483647</string>
			<key>files</key>
			<array/>
			<key>inputPaths</key>
			<array/>
			<key>isa</key>
			<string>PBXShellScriptBuildPhase</string>
			<key>name</key>
			<string>Check Pods Manifest.lock</string>
			<key>outputPaths</key>
			<array/>
			<key>runOnlyForDeploymentPostprocessing</key>
			<string>0</string>
			<key>shellPath</key>
			<string>/bin/sh</string>
			<key>shellScript</key>
			<string>diff "${PODS_ROOT}/../Podfile.lock" "${PODS_ROOT}/Manifest.lock" &gt; /dev/null
if [[ $? != 0 ]] ; then
    cat &lt;&lt; EOM
error: The sandbox is not in sync with the Podfile.lock. Run 'pod install' or update your CocoaPods installation.
EOM
    exit 1
fi
</string>
			<key>showEnvVarsInLog</key>
			<string>0</string>
		</dict>
		<key>FC829EFD1E7B4A4AA2C75CAC</key>
		<dict>
			<key>explicitFileType</key>
			<string>archive.ar</string>
			<key>includeInIndex</key>
			<string>0</string>
			<key>isa</key>
			<string>PBXFileReference</string>
			<key>path</key>
			<string>libPods.a</string>
			<key>sourceTree</key>
			<string>BUILT_PRODUCTS_DIR</string>
		</dict>
	</dict>
	<key>rootObject</key>
	<string>AA392A6717AB53EF0040CD7B</string>
</dict>
</plist>
